
Microsoft Visual Studio Solution File, Format Version 12.00
# Visual Studio Version 17
VisualStudioVersion = 17.14.36414.22 d17.14
MinimumVisualStudioVersion = 10.0.40219.1
Project("{FAE04EC0-301F-11D3-BF4B-00C04F79EFBC}") = "pryRossiAppGestionContacto", "pryRossiAppGestionContacto\pryRossiAppGestionContacto.csproj", "{28D13A6C-CE1E-4ED3-A8A4-55595EC6D703}"
EndProject
Global
	GlobalSection(SolutionConfigurationPlatforms) = preSolution
		Debug|Any CPU = Debug|Any CPU
		Release|Any CPU = Release|Any CPU
	EndGlobalSection
	GlobalSection(ProjectConfigurationPlatforms) = postSolution
		{28D13A6C-CE1E-4ED3-A8A4-55595EC6D703}.Debug|Any CPU.ActiveCfg = Debug|Any CPU
		{28D13A6C-CE1E-4ED3-A8A4-55595EC6D703}.Debug|Any CPU.Build.0 = Debug|Any CPU
		{28D13A6C-CE1E-4ED3-A8A4-55595EC6D703}.Release|Any CPU.ActiveCfg = Release|Any CPU
		{28D13A6C-CE1E-4ED3-A8A4-55595EC6D703}.Release|Any CPU.Build.0 = Release|Any CPU
	EndGlobalSection
	GlobalSection(SolutionProperties) = preSolution
		HideSolutionNode = FALSE
	EndGlobalSection
	GlobalSection(ExtensibilityGlobals) = postSolution
		SolutionGuid = {66AC7321-BEC7-4ECF-B08A-114B68C3BF9E}
	EndGlobalSection
EndGlobal
